
Microsoft Visual Studio Solution File, Format Version 12.00
# Visual Studio 15
VisualStudioVersion = 15.0.28010.2041
MinimumVisualStudioVersion = 10.0.40219.1
Project("{FAE04EC0-301F-11D3-BF4B-00C04F79EFBC}") = "Droid.Core", "DroidLogin.Core\Droid.Core.csproj", "{438B0C22-A8AC-4039-9A75-FA7BD490F022}"
EndProject
Project("{FAE04EC0-301F-11D3-BF4B-00C04F79EFBC}") = "Droid.App", "Droid.App\Droid.App.csproj", "{D9B94DFF-DAFB-48DF-ABFD-7552A00B4254}"
EndProject
Global
	GlobalSection(SolutionConfigurationPlatforms) = preSolution
		Debug|Any CPU = Debug|Any CPU
		Release|Any CPU = Release|Any CPU
	EndGlobalSection
	GlobalSection(ProjectConfigurationPlatforms) = postSolution
		{438B0C22-A8AC-4039-9A75-FA7BD490F022}.Debug|Any CPU.ActiveCfg = Debug|Any CPU
		{438B0C22-A8AC-4039-9A75-FA7BD490F022}.Debug|Any CPU.Build.0 = Debug|Any CPU
		{438B0C22-A8AC-4039-9A75-FA7BD490F022}.Release|Any CPU.ActiveCfg = Release|Any CPU
		{438B0C22-A8AC-4039-9A75-FA7BD490F022}.Release|Any CPU.Build.0 = Release|Any CPU
		{D9B94DFF-DAFB-48DF-ABFD-7552A00B4254}.Debug|Any CPU.ActiveCfg = Debug|Any CPU
		{D9B94DFF-DAFB-48DF-ABFD-7552A00B4254}.Debug|Any CPU.Build.0 = Debug|Any CPU
		{D9B94DFF-DAFB-48DF-ABFD-7552A00B4254}.Debug|Any CPU.Deploy.0 = Debug|Any CPU
		{D9B94DFF-DAFB-48DF-ABFD-7552A00B4254}.Release|Any CPU.ActiveCfg = Release|Any CPU
		{D9B94DFF-DAFB-48DF-ABFD-7552A00B4254}.Release|Any CPU.Build.0 = Release|Any CPU
		{D9B94DFF-DAFB-48DF-ABFD-7552A00B4254}.Release|Any CPU.Deploy.0 = Release|Any CPU
	EndGlobalSection
	GlobalSection(SolutionProperties) = preSolution
		HideSolutionNode = FALSE
	EndGlobalSection
	GlobalSection(ExtensibilityGlobals) = postSolution
		SolutionGuid = {5BD256A1-1B4D-426A-A647-979875A02EA2}
	EndGlobalSection
EndGlobal
